
Microsoft Visual Studio Solution File, Format Version 12.00
# Visual Studio Version 16
VisualStudioVersion = 16.0.30330.147
MinimumVisualStudioVersion = 10.0.40219.1
Project("{FAE04EC0-301F-11D3-BF4B-00C04F79EFBC}") = "SimpleCalculatorUI", "SimpleCalculatorUI.csproj", "{A43FA0EA-55E1-4B2F-8C96-284551FE3C4F}"
EndProject
Project("{FAE04EC0-301F-11D3-BF4B-00C04F79EFBC}") = "SimpleCalcLibrary", "..\SimpleCalcLibrary\SimpleCalcLibrary.csproj", "{40C50684-EB9E-4513-8143-910D79F7D3FD}"
EndProject
Project("{FAE04EC0-301F-11D3-BF4B-00C04F79EFBC}") = "SimpleCalculatorTest", "..\SimpleCalculatorTest\SimpleCalculatorTest.csproj", "{107CA46B-6873-4ADD-98D3-E1F37CA66913}"
EndProject
Global
	GlobalSection(SolutionConfigurationPlatforms) = preSolution
		Debug|Any CPU = Debug|Any CPU
		Release|Any CPU = Release|Any CPU
	EndGlobalSection
	GlobalSection(ProjectConfigurationPlatforms) = postSolution
		{A43FA0EA-55E1-4B2F-8C96-284551FE3C4F}.Debug|Any CPU.ActiveCfg = Debug|Any CPU
		{A43FA0EA-55E1-4B2F-8C96-284551FE3C4F}.Debug|Any CPU.Build.0 = Debug|Any CPU
		{A43FA0EA-55E1-4B2F-8C96-284551FE3C4F}.Release|Any CPU.ActiveCfg = Release|Any CPU
		{A43FA0EA-55E1-4B2F-8C96-284551FE3C4F}.Release|Any CPU.Build.0 = Release|Any CPU
		{40C50684-EB9E-4513-8143-910D79F7D3FD}.Debug|Any CPU.ActiveCfg = Debug|Any CPU
		{40C50684-EB9E-4513-8143-910D79F7D3FD}.Debug|Any CPU.Build.0 = Debug|Any CPU
		{40C50684-EB9E-4513-8143-910D79F7D3FD}.Release|Any CPU.ActiveCfg = Release|Any CPU
		{40C50684-EB9E-4513-8143-910D79F7D3FD}.Release|Any CPU.Build.0 = Release|Any CPU
		{107CA46B-6873-4ADD-98D3-E1F37CA66913}.Debug|Any CPU.ActiveCfg = Debug|Any CPU
		{107CA46B-6873-4ADD-98D3-E1F37CA66913}.Debug|Any CPU.Build.0 = Debug|Any CPU
		{107CA46B-6873-4ADD-98D3-E1F37CA66913}.Release|Any CPU.ActiveCfg = Release|Any CPU
		{107CA46B-6873-4ADD-98D3-E1F37CA66913}.Release|Any CPU.Build.0 = Release|Any CPU
	EndGlobalSection
	GlobalSection(SolutionProperties) = preSolution
		HideSolutionNode = FALSE
	EndGlobalSection
	GlobalSection(ExtensibilityGlobals) = postSolution
		SolutionGuid = {73B5BC5D-F1E0-43DF-885F-C7DC6B3EFD99}
	EndGlobalSection
EndGlobal
